
Microsoft Visual Studio Solution File, Format Version 12.00
# Visual Studio Version 17
VisualStudioVersion = 17.3.32819.101
MinimumVisualStudioVersion = 10.0.40219.1
Project("{FAE04EC0-301F-11D3-BF4B-00C04F79EFBC}") = "OpcCollector", "opc-collector\OpcCollector.csproj", "{D3E159FA-65D1-4B31-B83F-61DF127266A5}"
EndProject
Project("{2150E333-8FDC-42A3-9474-1A3956D46DE8}") = "Library", "Library", "{E094D9D2-1526-447F-844E-2CD36D15410A}"
EndProject
Project("{FAE04EC0-301F-11D3-BF4B-00C04F79EFBC}") = "Technosoftware.DaAeHdaClient", "Library\Technosoftware\DaAeHdaClient\Technosoftware.DaAeHdaClient.csproj", "{C1C13182-C6AE-40E5-A297-201D681B41D7}"
EndProject
Global
	GlobalSection(SolutionConfigurationPlatforms) = preSolution
		Debug|Any CPU = Debug|Any CPU
		Release|Any CPU = Release|Any CPU
	EndGlobalSection
	GlobalSection(ProjectConfigurationPlatforms) = postSolution
		{D3E159FA-65D1-4B31-B83F-61DF127266A5}.Debug|Any CPU.ActiveCfg = Debug|Any CPU
		{D3E159FA-65D1-4B31-B83F-61DF127266A5}.Debug|Any CPU.Build.0 = Debug|Any CPU
		{D3E159FA-65D1-4B31-B83F-61DF127266A5}.Release|Any CPU.ActiveCfg = Release|Any CPU
		{D3E159FA-65D1-4B31-B83F-61DF127266A5}.Release|Any CPU.Build.0 = Release|Any CPU
		{C1C13182-C6AE-40E5-A297-201D681B41D7}.Debug|Any CPU.ActiveCfg = Debug|Any CPU
		{C1C13182-C6AE-40E5-A297-201D681B41D7}.Debug|Any CPU.Build.0 = Debug|Any CPU
		{C1C13182-C6AE-40E5-A297-201D681B41D7}.Release|Any CPU.ActiveCfg = Release|Any CPU
		{C1C13182-C6AE-40E5-A297-201D681B41D7}.Release|Any CPU.Build.0 = Release|Any CPU
	EndGlobalSection
	GlobalSection(SolutionProperties) = preSolution
		HideSolutionNode = FALSE
	EndGlobalSection
	GlobalSection(NestedProjects) = preSolution
		{C1C13182-C6AE-40E5-A297-201D681B41D7} = {E094D9D2-1526-447F-844E-2CD36D15410A}
	EndGlobalSection
	GlobalSection(ExtensibilityGlobals) = postSolution
		SolutionGuid = {64434296-3B0F-478E-8069-65D734DC9C12}
	EndGlobalSection
EndGlobal
